
Microsoft Visual Studio Solution File, Format Version 12.00
# Visual Studio Version 17
VisualStudioVersion = 17.14.36414.22 d17.14
MinimumVisualStudioVersion = 10.0.40219.1
Project("{FAE04EC0-301F-11D3-BF4B-00C04F79EFBC}") = "KYH-IoT", "KYH-IoT\KYH-IoT.csproj", "{CA9640FE-849E-4BF7-A7B0-4BC8FBE9B784}"
EndProject
Global
	GlobalSection(SolutionConfigurationPlatforms) = preSolution
		Debug|Any CPU = Debug|Any CPU
		Release|Any CPU = Release|Any CPU
	EndGlobalSection
	GlobalSection(ProjectConfigurationPlatforms) = postSolution
		{CA9640FE-849E-4BF7-A7B0-4BC8FBE9B784}.Debug|Any CPU.ActiveCfg = Debug|Any CPU
		{CA9640FE-849E-4BF7-A7B0-4BC8FBE9B784}.Debug|Any CPU.Build.0 = Debug|Any CPU
		{CA9640FE-849E-4BF7-A7B0-4BC8FBE9B784}.Release|Any CPU.ActiveCfg = Release|Any CPU
		{CA9640FE-849E-4BF7-A7B0-4BC8FBE9B784}.Release|Any CPU.Build.0 = Release|Any CPU
	EndGlobalSection
	GlobalSection(SolutionProperties) = preSolution
		HideSolutionNode = FALSE
	EndGlobalSection
	GlobalSection(ExtensibilityGlobals) = postSolution
		SolutionGuid = {6FD02718-0B87-4439-ACCD-D3B40E835D7E}
	EndGlobalSection
EndGlobal
